
Microsoft Visual Studio Solution File, Format Version 11.00
# Visual Studio 2010
Project("{FAE04EC0-301F-11D3-BF4B-00C04F79EFBC}") = "Journaler", "Journaler\Journaler.csproj", "{BCDD4B9C-C1CB-47E5-81FA-0F8F62B8BEF8}"
EndProject
Project("{FAE04EC0-301F-11D3-BF4B-00C04F79EFBC}") = "Journaler.Tests", "Journaler.Tests\Journaler.Tests.csproj", "{96C4258C-4F4B-4F78-BAEF-C059CF209C99}"
EndProject
Project("{2150E333-8FDC-42A3-9474-1A3956D46DE8}") = "Solution Items", "Solution Items", "{259215C1-A398-4015-8F32-A53F83D31A45}"
	ProjectSection(SolutionItems) = preProject
		Version.cs = Version.cs
	EndProjectSection
EndProject
Project("{FAE04EC0-301F-11D3-BF4B-00C04F79EFBC}") = "Journaler.PerfTests", "Journaler.PerfTests\Journaler.PerfTests.csproj", "{ED8232F6-586B-407B-9EA7-A6CB6C48BCC4}"
EndProject
Global
	GlobalSection(SolutionConfigurationPlatforms) = preSolution
		Debug|Any CPU = Debug|Any CPU
		Debug|Mixed Platforms = Debug|Mixed Platforms
		Debug|x86 = Debug|x86
		Release|Any CPU = Release|Any CPU
		Release|Mixed Platforms = Release|Mixed Platforms
		Release|x86 = Release|x86
	EndGlobalSection
	GlobalSection(ProjectConfigurationPlatforms) = postSolution
		{BCDD4B9C-C1CB-47E5-81FA-0F8F62B8BEF8}.Debug|Any CPU.ActiveCfg = Debug|Any CPU
		{BCDD4B9C-C1CB-47E5-81FA-0F8F62B8BEF8}.Debug|Any CPU.Build.0 = Debug|Any CPU
		{BCDD4B9C-C1CB-47E5-81FA-0F8F62B8BEF8}.Debug|Mixed Platforms.ActiveCfg = Debug|Any CPU
		{BCDD4B9C-C1CB-47E5-81FA-0F8F62B8BEF8}.Debug|Mixed Platforms.Build.0 = Debug|Any CPU
		{BCDD4B9C-C1CB-47E5-81FA-0F8F62B8BEF8}.Debug|x86.ActiveCfg = Debug|Any CPU
		{BCDD4B9C-C1CB-47E5-81FA-0F8F62B8BEF8}.Release|Any CPU.ActiveCfg = Release|Any CPU
		{BCDD4B9C-C1CB-47E5-81FA-0F8F62B8BEF8}.Release|Any CPU.Build.0 = Release|Any CPU
		{BCDD4B9C-C1CB-47E5-81FA-0F8F62B8BEF8}.Release|Mixed Platforms.ActiveCfg = Release|Any CPU
		{BCDD4B9C-C1CB-47E5-81FA-0F8F62B8BEF8}.Release|Mixed Platforms.Build.0 = Release|Any CPU
		{BCDD4B9C-C1CB-47E5-81FA-0F8F62B8BEF8}.Release|x86.ActiveCfg = Release|Any CPU
		{96C4258C-4F4B-4F78-BAEF-C059CF209C99}.Debug|Any CPU.ActiveCfg = Debug|Any CPU
		{96C4258C-4F4B-4F78-BAEF-C059CF209C99}.Debug|Any CPU.Build.0 = Debug|Any CPU
		{96C4258C-4F4B-4F78-BAEF-C059CF209C99}.Debug|Mixed Platforms.ActiveCfg = Debug|Any CPU
		{96C4258C-4F4B-4F78-BAEF-C059CF209C99}.Debug|Mixed Platforms.Build.0 = Debug|Any CPU
		{96C4258C-4F4B-4F78-BAEF-C059CF209C99}.Debug|x86.ActiveCfg = Debug|Any CPU
		{96C4258C-4F4B-4F78-BAEF-C059CF209C99}.Release|Any CPU.ActiveCfg = Release|Any CPU
		{96C4258C-4F4B-4F78-BAEF-C059CF209C99}.Release|Any CPU.Build.0 = Release|Any CPU
		{96C4258C-4F4B-4F78-BAEF-C059CF209C99}.Release|Mixed Platforms.ActiveCfg = Release|Any CPU
		{96C4258C-4F4B-4F78-BAEF-C059CF209C99}.Release|Mixed Platforms.Build.0 = Release|Any CPU
		{96C4258C-4F4B-4F78-BAEF-C059CF209C99}.Release|x86.ActiveCfg = Release|Any CPU
		{ED8232F6-586B-407B-9EA7-A6CB6C48BCC4}.Debug|Any CPU.ActiveCfg = Debug|x86
		{ED8232F6-586B-407B-9EA7-A6CB6C48BCC4}.Debug|Mixed Platforms.ActiveCfg = Debug|x86
		{ED8232F6-586B-407B-9EA7-A6CB6C48BCC4}.Debug|Mixed Platforms.Build.0 = Debug|x86
		{ED8232F6-586B-407B-9EA7-A6CB6C48BCC4}.Debug|x86.ActiveCfg = Debug|x86
		{ED8232F6-586B-407B-9EA7-A6CB6C48BCC4}.Debug|x86.Build.0 = Debug|x86
		{ED8232F6-586B-407B-9EA7-A6CB6C48BCC4}.Release|Any CPU.ActiveCfg = Release|x86
		{ED8232F6-586B-407B-9EA7-A6CB6C48BCC4}.Release|Mixed Platforms.ActiveCfg = Release|x86
		{ED8232F6-586B-407B-9EA7-A6CB6C48BCC4}.Release|Mixed Platforms.Build.0 = Release|x86
		{ED8232F6-586B-407B-9EA7-A6CB6C48BCC4}.Release|x86.ActiveCfg = Release|x86
		{ED8232F6-586B-407B-9EA7-A6CB6C48BCC4}.Release|x86.Build.0 = Release|x86
	EndGlobalSection
	GlobalSection(SolutionProperties) = preSolution
		HideSolutionNode = FALSE
	EndGlobalSection
EndGlobal
